// !$*UTF8*$!
{
	archiveVersion = 1;
	classes = {
	};
	objectVersion = 77;
	objects = {

/* Begin PBXContainerItemProxy section */
		BEFE44572D5C1C6B0062EEDC /* PBXContainerItemProxy */ = {
			isa = PBXContainerItemProxy;
			containerPortal = BEFE443D2D5C1C690062EEDC /* Project object */;
			proxyType = 1;
			remoteGlobalIDString = BEFE44442D5C1C690062EEDC;
			remoteInfo = meeting2_instagram_recreation;
		};
		BEFE44612D5C1C6B0062EEDC /* PBXContainerItemProxy */ = {
			isa = PBXContainerItemProxy;
			containerPortal = BEFE443D2D5C1C690062EEDC /* Project object */;
			proxyType = 1;
			remoteGlobalIDString = BEFE44442D5C1C690062EEDC;
			remoteInfo = meeting2_instagram_recreation;
		};
/* End PBXContainerItemProxy section */

/* Begin PBXFileReference section */
		BEFE44452D5C1C690062EEDC /* meeting2_instagram_recreation.app */ = {isa = PBXFileReference; explicitFileType = wrapper.application; includeInIndex = 0; path = meeting2_instagram_recreation.app; sourceTree = BUILT_PRODUCTS_DIR; };
		BEFE44562D5C1C6B0062EEDC /* meeting2_instagram_recreationTests.xctest */ = {isa = PBXFileReference; explicitFileType = wrapper.cfbundle; includeInIndex = 0; path = meeting2_instagram_recreationTests.xctest; sourceTree = BUILT_PRODUCTS_DIR; };
		BEFE44602D5C1C6B0062EEDC /* meeting2_instagram_recreationUITests.xctest */ = {isa = PBXFileReference; explicitFileType = wrapper.cfbundle; includeInIndex = 0; path = meeting2_instagram_recreationUITests.xctest; sourceTree = BUILT_PRODUCTS_DIR; };
/* End PBXFileReference section */

/* Begin PBXFileSystemSynchronizedRootGroup section */
		BEFE44472D5C1C690062EEDC /* meeting2_instagram_recreation */ = {
			isa = PBXFileSystemSynchronizedRootGroup;
			path = meeting2_instagram_recreation;
			sourceTree = "<group>";
		};
		BEFE44592D5C1C6B0062EEDC /* meeting2_instagram_recreationTests */ = {
			isa = PBXFileSystemSynchronizedRootGroup;
			path = meeting2_instagram_recreationTests;
			sourceTree = "<group>";
		};
		BEFE44632D5C1C6B0062EEDC /* meeting2_instagram_recreationUITests */ = {
			isa = PBXFileSystemSynchronizedRootGroup;
			path = meeting2_instagram_recreationUITests;
			sourceTree = "<group>";
		};
/* End PBXFileSystemSynchronizedRootGroup section */

/* Begin PBXFrameworksBuildPhase section */
		BEFE44422D5C1C690062EEDC /* Frameworks */ = {
			isa = PBXFrameworksBuildPhase;
			buildActionMask = 2147483647;
			files = (
			);
			runOnlyForDeploymentPostprocessing = 0;
		};
		BEFE44532D5C1C6B0062EEDC /* Frameworks */ = {
			isa = PBXFrameworksBuildPhase;
			buildActionMask = 2147483647;
			files = (
			);
			runOnlyForDeploymentPostprocessing = 0;
		};
		BEFE445D2D5C1C6B0062EEDC /* Frameworks */ = {
			isa = PBXFrameworksBuildPhase;
			buildActionMask = 2147483647;
			files = (
			);
			runOnlyForDeploymentPostprocessing = 0;
		};
/* End PBXFrameworksBuildPhase section */

/* Begin PBXGroup section */
		BEFE443C2D5C1C690062EEDC = {
			isa = PBXGroup;
			children = (
				BEFE44472D5C1C690062EEDC /* meeting2_instagram_recreation */,
				BEFE44592D5C1C6B0062EEDC /* meeting2_instagram_recreationTests */,
				BEFE44632D5C1C6B0062EEDC /* meeting2_instagram_recreationUITests */,
				BEFE44462D5C1C690062EEDC /* Products */,
			);
			sourceTree = "<group>";
		};
		BEFE44462D5C1C690062EEDC /* Products */ = {
			isa = PBXGroup;
			children = (
				BEFE44452D5C1C690062EEDC /* meeting2_instagram_recreation.app */,
				BEFE44562D5C1C6B0062EEDC /* meeting2_instagram_recreationTests.xctest */,
				BEFE44602D5C1C6B0062EEDC /* meeting2_instagram_recreationUITests.xctest */,
			);
			name = Products;
			sourceTree = "<group>";
		};
/* End PBXGroup section */

/* Begin PBXNativeTarget section */
		BEFE44442D5C1C690062EEDC /* meeting2_instagram_recreation */ = {
			isa = PBXNativeTarget;
			buildConfigurationList = BEFE446A2D5C1C6B0062EEDC /* Build configuration list for PBXNativeTarget "meeting2_instagram_recreation" */;
			buildPhases = (
				BEFE44412D5C1C690062EEDC /* Sources */,
				BEFE44422D5C1C690062EEDC /* Frameworks */,
				BEFE44432D5C1C690062EEDC /* Resources */,
			);
			buildRules = (
			);
			dependencies = (
			);
			fileSystemSynchronizedGroups = (
				BEFE44472D5C1C690062EEDC /* meeting2_instagram_recreation */,
			);
			name = meeting2_instagram_recreation;
			packageProductDependencies = (
			);
			productName = meeting2_instagram_recreation;
			productReference = BEFE44452D5C1C690062EEDC /* meeting2_instagram_recreation.app */;
			productType = "com.apple.product-type.application";
		};
		BEFE44552D5C1C6B0062EEDC /* meeting2_instagram_recreationTests */ = {
			isa = PBXNativeTarget;
			buildConfigurationList = BEFE446D2D5C1C6B0062EEDC /* Build configuration list for PBXNativeTarget "meeting2_instagram_recreationTests" */;
			buildPhases = (
				BEFE44522D5C1C6B0062EEDC /* Sources */,
				BEFE44532D5C1C6B0062EEDC /* Frameworks */,
				BEFE44542D5C1C6B0062EEDC /* Resources */,
			);
			buildRules = (
			);
			dependencies = (
				BEFE44582D5C1C6B0062EEDC /* PBXTargetDependency */,
			);
			fileSystemSynchronizedGroups = (
				BEFE44592D5C1C6B0062EEDC /* meeting2_instagram_recreationTests */,
			);
			name = meeting2_instagram_recreationTests;
			packageProductDependencies = (
			);
			productName = meeting2_instagram_recreationTests;
			productReference = BEFE44562D5C1C6B0062EEDC /* meeting2_instagram_recreationTests.xctest */;
			productType = "com.apple.product-type.bundle.unit-test";
		};
		BEFE445F2D5C1C6B0062EEDC /* meeting2_instagram_recreationUITests */ = {
			isa = PBXNativeTarget;
			buildConfigurationList = BEFE44702D5C1C6B0062EEDC /* Build configuration list for PBXNativeTarget "meeting2_instagram_recreationUITests" */;
			buildPhases = (
				BEFE445C2D5C1C6B0062EEDC /* Sources */,
				BEFE445D2D5C1C6B0062EEDC /* Frameworks */,
				BEFE445E2D5C1C6B0062EEDC /* Resources */,
			);
			buildRules = (
			);
			dependencies = (
				BEFE44622D5C1C6B0062EEDC /* PBXTargetDependency */,
			);
			fileSystemSynchronizedGroups = (
				BEFE44632D5C1C6B0062EEDC /* meeting2_instagram_recreationUITests */,
			);
			name = meeting2_instagram_recreationUITests;
			packageProductDependencies = (
			);
			productName = meeting2_instagram_recreationUITests;
			productReference = BEFE44602D5C1C6B0062EEDC /* meeting2_instagram_recreationUITests.xctest */;
			productType = "com.apple.product-type.bundle.ui-testing";
		};
/* End PBXNativeTarget section */

/* Begin PBXProject section */
		BEFE443D2D5C1C690062EEDC /* Project object */ = {
			isa = PBXProject;
			attributes = {
				BuildIndependentTargetsInParallel = 1;
				LastSwiftUpdateCheck = 1610;
				LastUpgradeCheck = 1610;
				TargetAttributes = {
					BEFE44442D5C1C690062EEDC = {
						CreatedOnToolsVersion = 16.1;
					};
					BEFE44552D5C1C6B0062EEDC = {
						CreatedOnToolsVersion = 16.1;
						TestTargetID = BEFE44442D5C1C690062EEDC;
					};
					BEFE445F2D5C1C6B0062EEDC = {
						CreatedOnToolsVersion = 16.1;
						TestTargetID = BEFE44442D5C1C690062EEDC;
					};
				};
			};
			buildConfigurationList = BEFE44402D5C1C690062EEDC /* Build configuration list for PBXProject "meeting2_instagram_recreation" */;
			developmentRegion = en;
			hasScannedForEncodings = 0;
			knownRegions = (
				en,
				Base,
			);
			mainGroup = BEFE443C2D5C1C690062EEDC;
			minimizedProjectReferenceProxies = 1;
			preferredProjectObjectVersion = 77;
			productRefGroup = BEFE44462D5C1C690062EEDC /* Products */;
			projectDirPath = "";
			projectRoot = "";
			targets = (
				BEFE44442D5C1C690062EEDC /* meeting2_instagram_recreation */,
				BEFE44552D5C1C6B0062EEDC /* meeting2_instagram_recreationTests */,
				BEFE445F2D5C1C6B0062EEDC /* meeting2_instagram_recreationUITests */,
			);
		};
/* End PBXProject section */

/* Begin PBXResourcesBuildPhase section */
		BEFE44432D5C1C690062EEDC /* Resources */ = {
			isa = PBXResourcesBuildPhase;
			buildActionMask = 2147483647;
			files = (
			);
			runOnlyForDeploymentPostprocessing = 0;
		};
		BEFE44542D5C1C6B0062EEDC /* Resources */ = {
			isa = PBXResourcesBuildPhase;
			buildActionMask = 2147483647;
			files = (
			);
			runOnlyForDeploymentPostprocessing = 0;
		};
		BEFE445E2D5C1C6B0062EEDC /* Resources */ = {
			isa = PBXResourcesBuildPhase;
			buildActionMask = 2147483647;
			files = (
			);
			runOnlyForDeploymentPostprocessing = 0;
		};
/* End PBXResourcesBuildPhase section */

/* Begin PBXSourcesBuildPhase section */
		BEFE44412D5C1C690062EEDC /* Sources */ = {
			isa = PBXSourcesBuildPhase;
			buildActionMask = 2147483647;
			files = (
			);
			runOnlyForDeploymentPostprocessing = 0;
		};
		BEFE44522D5C1C6B0062EEDC /* Sources */ = {
			isa = PBXSourcesBuildPhase;
			buildActionMask = 2147483647;
			files = (
			);
			runOnlyForDeploymentPostprocessing = 0;
		};
		BEFE445C2D5C1C6B0062EEDC /* Sources */ = {
			isa = PBXSourcesBuildPhase;
			buildActionMask = 2147483647;
			files = (
			);
			runOnlyForDeploymentPostprocessing = 0;
		};
/* End PBXSourcesBuildPhase section */

/* Begin PBXTargetDependency section */
		BEFE44582D5C1C6B0062EEDC /* PBXTargetDependency */ = {
			isa = PBXTargetDependency;
			target = BEFE44442D5C1C690062EEDC /* meeting2_instagram_recreation */;
			targetProxy = BEFE44572D5C1C6B0062EEDC /* PBXContainerItemProxy */;
		};
		BEFE44622D5C1C6B0062EEDC /* PBXTargetDependency */ = {
			isa = PBXTargetDependency;
			target = BEFE44442D5C1C690062EEDC /* meeting2_instagram_recreation */;
			targetProxy = BEFE44612D5C1C6B0062EEDC /* PBXContainerItemProxy */;
		};
/* End PBXTargetDependency section */

/* Begin XCBuildConfiguration section */
		BEFE44682D5C1C6B0062EEDC /* Debug */ = {
			isa = XCBuildConfiguration;
			buildSettings = {
				ALWAYS_SEARCH_USER_PATHS = NO;
				ASSETCATALOG_COMPILER_GENERATE_SWIFT_ASSET_SYMBOL_EXTENSIONS = YES;
				CLANG_ANALYZER_NONNULL = YES;
				CLANG_ANALYZER_NUMBER_OBJECT_CONVERSION = YES_AGGRESSIVE;
				CLANG_CXX_LANGUAGE_STANDARD = "gnu++20";
				CLANG_ENABLE_MODULES = YES;
				CLANG_ENABLE_OBJC_ARC = YES;
				CLANG_ENABLE_OBJC_WEAK = YES;
				CLANG_WARN_BLOCK_CAPTURE_AUTORELEASING = YES;
				CLANG_WARN_BOOL_CONVERSION = YES;
				CLANG_WARN_COMMA = YES;
				CLANG_WARN_CONSTANT_CONVERSION = YES;
				CLANG_WARN_DEPRECATED_OBJC_IMPLEMENTATIONS = YES;
				CLANG_WARN_DIRECT_OBJC_ISA_USAGE = YES_ERROR;
				CLANG_WARN_DOCUMENTATION_COMMENTS = YES;
				CLANG_WARN_EMPTY_BODY = YES;
				CLANG_WARN_ENUM_CONVERSION = YES;
				CLANG_WARN_INFINITE_RECURSION = YES;
				CLANG_WARN_INT_CONVERSION = YES;
				CLANG_WARN_NON_LITERAL_NULL_CONVERSION = YES;
				CLANG_WARN_OBJC_IMPLICIT_RETAIN_SELF = YES;
				CLANG_WARN_OBJC_LITERAL_CONVERSION = YES;
				CLANG_WARN_OBJC_ROOT_CLASS = YES_ERROR;
				CLANG_WARN_QUOTED_INCLUDE_IN_FRAMEWORK_HEADER = YES;
				CLANG_WARN_RANGE_LOOP_ANALYSIS = YES;
				CLANG_WARN_STRICT_PROTOTYPES = YES;
				CLANG_WARN_SUSPICIOUS_MOVE = YES;
				CLANG_WARN_UNGUARDED_AVAILABILITY = YES_AGGRESSIVE;
				CLANG_WARN_UNREACHABLE_CODE = YES;
				CLANG_WARN__DUPLICATE_METHOD_MATCH = YES;
				COPY_PHASE_STRIP = NO;
				DEBUG_INFORMATION_FORMAT = dwarf;
				ENABLE_STRICT_OBJC_MSGSEND = YES;
				ENABLE_TESTABILITY = YES;
				ENABLE_USER_SCRIPT_SANDBOXING = YES;
				GCC_C_LANGUAGE_STANDARD = gnu17;
				GCC_DYNAMIC_NO_PIC = NO;
				GCC_NO_COMMON_BLOCKS = YES;
				GCC_OPTIMIZATION_LEVEL = 0;
				GCC_PREPROCESSOR_DEFINITIONS = (
					"DEBUG=1",
					"$(inherited)",
				);
				GCC_WARN_64_TO_32_BIT_CONVERSION = YES;
				GCC_WARN_ABOUT_RETURN_TYPE = YES_ERROR;
				GCC_WARN_UNDECLARED_SELECTOR = YES;
				GCC_WARN_UNINITIALIZED_AUTOS = YES_AGGRESSIVE;
				GCC_WARN_UNUSED_FUNCTION = YES;
				GCC_WARN_UNUSED_VARIABLE = YES;
				LOCALIZATION_PREFERS_STRING_CATALOGS = YES;
				MTL_ENABLE_DEBUG_INFO = INCLUDE_SOURCE;
				MTL_FAST_MATH = YES;
				ONLY_ACTIVE_ARCH = YES;
				SWIFT_ACTIVE_COMPILATION_CONDITIONS = "DEBUG $(inherited)";
				SWIFT_OPTIMIZATION_LEVEL = "-Onone";
			};
			name = Debug;
		};
		BEFE44692D5C1C6B0062EEDC /* Release */ = {
			isa = XCBuildConfiguration;
			buildSettings = {
				ALWAYS_SEARCH_USER_PATHS = NO;
				ASSETCATALOG_COMPILER_GENERATE_SWIFT_ASSET_SYMBOL_EXTENSIONS = YES;
				CLANG_ANALYZER_NONNULL = YES;
				CLANG_ANALYZER_NUMBER_OBJECT_CONVERSION = YES_AGGRESSIVE;
				CLANG_CXX_LANGUAGE_STANDARD = "gnu++20";
				CLANG_ENABLE_MODULES = YES;
				CLANG_ENABLE_OBJC_ARC = YES;
				CLANG_ENABLE_OBJC_WEAK = YES;
				CLANG_WARN_BLOCK_CAPTURE_AUTORELEASING = YES;
				CLANG_WARN_BOOL_CONVERSION = YES;
				CLANG_WARN_COMMA = YES;
				CLANG_WARN_CONSTANT_CONVERSION = YES;
				CLANG_WARN_DEPRECATED_OBJC_IMPLEMENTATIONS = YES;
				CLANG_WARN_DIRECT_OBJC_ISA_USAGE = YES_ERROR;
				CLANG_WARN_DOCUMENTATION_COMMENTS = YES;
				CLANG_WARN_EMPTY_BODY = YES;
				CLANG_WARN_ENUM_CONVERSION = YES;
				CLANG_WARN_INFINITE_RECURSION = YES;
				CLANG_WARN_INT_CONVERSION = YES;
				CLANG_WARN_NON_LITERAL_NULL_CONVERSION = YES;
				CLANG_WARN_OBJC_IMPLICIT_RETAIN_SELF = YES;
				CLANG_WARN_OBJC_LITERAL_CONVERSION = YES;
				CLANG_WARN_OBJC_ROOT_CLASS = YES_ERROR;
				CLANG_WARN_QUOTED_INCLUDE_IN_FRAMEWORK_HEADER = YES;
				CLANG_WARN_RANGE_LOOP_ANALYSIS = YES;
				CLANG_WARN_STRICT_PROTOTYPES = YES;
				CLANG_WARN_SUSPICIOUS_MOVE = YES;
				CLANG_WARN_UNGUARDED_AVAILABILITY = YES_AGGRESSIVE;
				CLANG_WARN_UNREACHABLE_CODE = YES;
				CLANG_WARN__DUPLICATE_METHOD_MATCH = YES;
				COPY_PHASE_STRIP = NO;
				DEBUG_INFORMATION_FORMAT = "dwarf-with-dsym";
				ENABLE_NS_ASSERTIONS = NO;
				ENABLE_STRICT_OBJC_MSGSEND = YES;
				ENABLE_USER_SCRIPT_SANDBOXING = YES;
				GCC_C_LANGUAGE_STANDARD = gnu17;
				GCC_NO_COMMON_BLOCKS = YES;
				GCC_WARN_64_TO_32_BIT_CONVERSION = YES;
				GCC_WARN_ABOUT_RETURN_TYPE = YES_ERROR;
				GCC_WARN_UNDECLARED_SELECTOR = YES;
				GCC_WARN_UNINITIALIZED_AUTOS = YES_AGGRESSIVE;
				GCC_WARN_UNUSED_FUNCTION = YES;
				GCC_WARN_UNUSED_VARIABLE = YES;
				LOCALIZATION_PREFERS_STRING_CATALOGS = YES;
				MTL_ENABLE_DEBUG_INFO = NO;
				MTL_FAST_MATH = YES;
				SWIFT_COMPILATION_MODE = wholemodule;
			};
			name = Release;
		};
		BEFE446B2D5C1C6B0062EEDC /* Debug */ = {
			isa = XCBuildConfiguration;
			buildSettings = {
				ASSETCATALOG_COMPILER_APPICON_NAME = AppIcon;
				ASSETCATALOG_COMPILER_GLOBAL_ACCENT_COLOR_NAME = AccentColor;
				CODE_SIGN_ENTITLEMENTS = meeting2_instagram_recreation/meeting2_instagram_recreation.entitlements;
				CODE_SIGN_STYLE = Automatic;
				CURRENT_PROJECT_VERSION = 1;
				DEVELOPMENT_ASSET_PATHS = "\"meeting2_instagram_recreation/Preview Content\"";
				ENABLE_PREVIEWS = YES;
				GENERATE_INFOPLIST_FILE = YES;
				"INFOPLIST_KEY_UIApplicationSceneManifest_Generation[sdk=iphoneos*]" = YES;
				"INFOPLIST_KEY_UIApplicationSceneManifest_Generation[sdk=iphonesimulator*]" = YES;
				"INFOPLIST_KEY_UIApplicationSupportsIndirectInputEvents[sdk=iphoneos*]" = YES;
				"INFOPLIST_KEY_UIApplicationSupportsIndirectInputEvents[sdk=iphonesimulator*]" = YES;
				"INFOPLIST_KEY_UILaunchScreen_Generation[sdk=iphoneos*]" = YES;
				"INFOPLIST_KEY_UILaunchScreen_Generation[sdk=iphonesimulator*]" = YES;
				"INFOPLIST_KEY_UIStatusBarStyle[sdk=iphoneos*]" = UIStatusBarStyleDefault;
				"INFOPLIST_KEY_UIStatusBarStyle[sdk=iphonesimulator*]" = UIStatusBarStyleDefault;
				INFOPLIST_KEY_UISupportedInterfaceOrientations_iPad = "UIInterfaceOrientationPortrait UIInterfaceOrientationPortraitUpsideDown UIInterfaceOrientationLandscapeLeft UIInterfaceOrientationLandscapeRight";
				INFOPLIST_KEY_UISupportedInterfaceOrientations_iPhone = "UIInterfaceOrientationPortrait UIInterfaceOrientationLandscapeLeft UIInterfaceOrientationLandscapeRight";
				IPHONEOS_DEPLOYMENT_TARGET = 18.1;
				LD_RUNPATH_SEARCH_PATHS = "@executable_path/Frameworks";
				"LD_RUNPATH_SEARCH_PATHS[sdk=macosx*]" = "@executable_path/../Frameworks";
				MACOSX_DEPLOYMENT_TARGET = 15.1;
				MARKETING_VERSION = 1.0;
				PRODUCT_BUNDLE_IDENTIFIER = "name.canonhelpman.meeting2-instagram-recreation";
				PRODUCT_NAME = "$(TARGET_NAME)";
				SDKROOT = auto;
				SUPPORTED_PLATFORMS = "iphoneos iphonesimulator macosx xros xrsimulator";
				SWIFT_EMIT_LOC_STRINGS = YES;
				SWIFT_VERSION = 5.0;
				TARGETED_DEVICE_FAMILY = "1,2,7";
				XROS_DEPLOYMENT_TARGET = 2.1;
			};
			name = Debug;
		};
		BEFE446C2D5C1C6B0062EEDC /* Release */ = {
			isa = XCBuildConfiguration;
			buildSettings = {
				ASSETCATALOG_COMPILER_APPICON_NAME = AppIcon;
				ASSETCATALOG_COMPILER_GLOBAL_ACCENT_COLOR_NAME = AccentColor;
				CODE_SIGN_ENTITLEMENTS = meeting2_instagram_recreation/meeting2_instagram_recreation.entitlements;
				CODE_SIGN_STYLE = Automatic;
				CURRENT_PROJECT_VERSION = 1;
				DEVELOPMENT_ASSET_PATHS = "\"meeting2_instagram_recreation/Preview Content\"";
				ENABLE_PREVIEWS = YES;
				GENERATE_INFOPLIST_FILE = YES;
				"INFOPLIST_KEY_UIApplicationSceneManifest_Generation[sdk=iphoneos*]" = YES;
				"INFOPLIST_KEY_UIApplicationSceneManifest_Generation[sdk=iphonesimulator*]" = YES;
				"INFOPLIST_KEY_UIApplicationSupportsIndirectInputEvents[sdk=iphoneos*]" = YES;
				"INFOPLIST_KEY_UIApplicationSupportsIndirectInputEvents[sdk=iphonesimulator*]" = YES;
				"INFOPLIST_KEY_UILaunchScreen_Generation[sdk=iphoneos*]" = YES;
				"INFOPLIST_KEY_UILaunchScreen_Generation[sdk=iphonesimulator*]" = YES;
				"INFOPLIST_KEY_UIStatusBarStyle[sdk=iphoneos*]" = UIStatusBarStyleDefault;
				"INFOPLIST_KEY_UIStatusBarStyle[sdk=iphonesimulator*]" = UIStatusBarStyleDefault;
				INFOPLIST_KEY_UISupportedInterfaceOrientations_iPad = "UIInterfaceOrientationPortrait UIInterfaceOrientationPortraitUpsideDown UIInterfaceOrientationLandscapeLeft UIInterfaceOrientationLandscapeRight";
				INFOPLIST_KEY_UISupportedInterfaceOrientations_iPhone = "UIInterfaceOrientationPortrait UIInterfaceOrientationLandscapeLeft UIInterfaceOrientationLandscapeRight";
				IPHONEOS_DEPLOYMENT_TARGET = 18.1;
				LD_RUNPATH_SEARCH_PATHS = "@executable_path/Frameworks";
				"LD_RUNPATH_SEARCH_PATHS[sdk=macosx*]" = "@executable_path/../Frameworks";
				MACOSX_DEPLOYMENT_TARGET = 15.1;
				MARKETING_VERSION = 1.0;
				PRODUCT_BUNDLE_IDENTIFIER = "name.canonhelpman.meeting2-instagram-recreation";
				PRODUCT_NAME = "$(TARGET_NAME)";
				SDKROOT = auto;
				SUPPORTED_PLATFORMS = "iphoneos iphonesimulator macosx xros xrsimulator";
				SWIFT_EMIT_LOC_STRINGS = YES;
				SWIFT_VERSION = 5.0;
				TARGETED_DEVICE_FAMILY = "1,2,7";
				XROS_DEPLOYMENT_TARGET = 2.1;
			};
			name = Release;
		};
		BEFE446E2D5C1C6B0062EEDC /* Debug */ = {
			isa = XCBuildConfiguration;
			buildSettings = {
				BUNDLE_LOADER = "$(TEST_HOST)";
				CODE_SIGN_STYLE = Automatic;
				CURRENT_PROJECT_VERSION = 1;
				GENERATE_INFOPLIST_FILE = YES;
				IPHONEOS_DEPLOYMENT_TARGET = 18.1;
				MACOSX_DEPLOYMENT_TARGET = 15.1;
				MARKETING_VERSION = 1.0;
				PRODUCT_BUNDLE_IDENTIFIER = "name.canonhelpman.meeting2-instagram-recreationTests";
				PRODUCT_NAME = "$(TARGET_NAME)";
				SDKROOT = auto;
				SUPPORTED_PLATFORMS = "iphoneos iphonesimulator macosx xros xrsimulator";
				SWIFT_EMIT_LOC_STRINGS = NO;
				SWIFT_VERSION = 5.0;
				TARGETED_DEVICE_FAMILY = "1,2,7";
				TEST_HOST = "$(BUILT_PRODUCTS_DIR)/meeting2_instagram_recreation.app/$(BUNDLE_EXECUTABLE_FOLDER_PATH)/meeting2_instagram_recreation";
				XROS_DEPLOYMENT_TARGET = 2.1;
			};
			name = Debug;
		};
		BEFE446F2D5C1C6B0062EEDC /* Release */ = {
			isa = XCBuildConfiguration;
			buildSettings = {
				BUNDLE_LOADER = "$(TEST_HOST)";
				CODE_SIGN_STYLE = Automatic;
				CURRENT_PROJECT_VERSION = 1;
				GENERATE_INFOPLIST_FILE = YES;
				IPHONEOS_DEPLOYMENT_TARGET = 18.1;
				MACOSX_DEPLOYMENT_TARGET = 15.1;
				MARKETING_VERSION = 1.0;
				PRODUCT_BUNDLE_IDENTIFIER = "name.canonhelpman.meeting2-instagram-recreationTests";
				PRODUCT_NAME = "$(TARGET_NAME)";
				SDKROOT = auto;
				SUPPORTED_PLATFORMS = "iphoneos iphonesimulator macosx xros xrsimulator";
				SWIFT_EMIT_LOC_STRINGS = NO;
				SWIFT_VERSION = 5.0;
				TARGETED_DEVICE_FAMILY = "1,2,7";
				TEST_HOST = "$(BUILT_PRODUCTS_DIR)/meeting2_instagram_recreation.app/$(BUNDLE_EXECUTABLE_FOLDER_PATH)/meeting2_instagram_recreation";
				XROS_DEPLOYMENT_TARGET = 2.1;
			};
			name = Release;
		};
		BEFE44712D5C1C6B0062EEDC /* Debug */ = {
			isa = XCBuildConfiguration;
			buildSettings = {
				CODE_SIGN_STYLE = Automatic;
				CURRENT_PROJECT_VERSION = 1;
				GENERATE_INFOPLIST_FILE = YES;
				IPHONEOS_DEPLOYMENT_TARGET = 18.1;
				MACOSX_DEPLOYMENT_TARGET = 15.1;
				MARKETING_VERSION = 1.0;
				PRODUCT_BUNDLE_IDENTIFIER = "name.canonhelpman.meeting2-instagram-recreationUITests";
				PRODUCT_NAME = "$(TARGET_NAME)";
				SDKROOT = auto;
				SUPPORTED_PLATFORMS = "iphoneos iphonesimulator macosx xros xrsimulator";
				SWIFT_EMIT_LOC_STRINGS = NO;
				SWIFT_VERSION = 5.0;
				TARGETED_DEVICE_FAMILY = "1,2,7";
				TEST_TARGET_NAME = meeting2_instagram_recreation;
				XROS_DEPLOYMENT_TARGET = 2.1;
			};
			name = Debug;
		};
		BEFE44722D5C1C6B0062EEDC /* Release */ = {
			isa = XCBuildConfiguration;
			buildSettings = {
				CODE_SIGN_STYLE = Automatic;
				CURRENT_PROJECT_VERSION = 1;
				GENERATE_INFOPLIST_FILE = YES;
				IPHONEOS_DEPLOYMENT_TARGET = 18.1;
				MACOSX_DEPLOYMENT_TARGET = 15.1;
				MARKETING_VERSION = 1.0;
				PRODUCT_BUNDLE_IDENTIFIER = "name.canonhelpman.meeting2-instagram-recreationUITests";
				PRODUCT_NAME = "$(TARGET_NAME)";
				SDKROOT = auto;
				SUPPORTED_PLATFORMS = "iphoneos iphonesimulator macosx xros xrsimulator";
				SWIFT_EMIT_LOC_STRINGS = NO;
				SWIFT_VERSION = 5.0;
				TARGETED_DEVICE_FAMILY = "1,2,7";
				TEST_TARGET_NAME = meeting2_instagram_recreation;
				XROS_DEPLOYMENT_TARGET = 2.1;
			};
			name = Release;
		};
/* End XCBuildConfiguration section */

/* Begin XCConfigurationList section */
		BEFE44402D5C1C690062EEDC /* Build configuration list for PBXProject "meeting2_instagram_recreation" */ = {
			isa = XCConfigurationList;
			buildConfigurations = (
				BEFE44682D5C1C6B0062EEDC /* Debug */,
				BEFE44692D5C1C6B0062EEDC /* Release */,
			);
			defaultConfigurationIsVisible = 0;
			defaultConfigurationName = Release;
		};
		BEFE446A2D5C1C6B0062EEDC /* Build configuration list for PBXNativeTarget "meeting2_instagram_recreation" */ = {
			isa = XCConfigurationList;
			buildConfigurations = (
				BEFE446B2D5C1C6B0062EEDC /* Debug */,
				BEFE446C2D5C1C6B0062EEDC /* Release */,
			);
			defaultConfigurationIsVisible = 0;
			defaultConfigurationName = Release;
		};
		BEFE446D2D5C1C6B0062EEDC /* Build configuration list for PBXNativeTarget "meeting2_instagram_recreationTests" */ = {
			isa = XCConfigurationList;
			buildConfigurations = (
				BEFE446E2D5C1C6B0062EEDC /* Debug */,
				BEFE446F2D5C1C6B0062EEDC /* Release */,
			);
			defaultConfigurationIsVisible = 0;
			defaultConfigurationName = Release;
		};
		BEFE44702D5C1C6B0062EEDC /* Build configuration list for PBXNativeTarget "meeting2_instagram_recreationUITests" */ = {
			isa = XCConfigurationList;
			buildConfigurations = (
				BEFE44712D5C1C6B0062EEDC /* Debug */,
				BEFE44722D5C1C6B0062EEDC /* Release */,
			);
			defaultConfigurationIsVisible = 0;
			defaultConfigurationName = Release;
		};
/* End XCConfigurationList section */
	};
	rootObject = BEFE443D2D5C1C690062EEDC /* Project object */;
}
